
Microsoft Visual Studio Solution File, Format Version 12.00
# Visual Studio Version 16
VisualStudioVersion = 16.0.30621.155
MinimumVisualStudioVersion = 10.0.40219.1
Project("{8BC9CEB8-8B4A-11D0-8D11-00A0C91BC942}") = "dethi2019-2020", "dethi2019-2020.vcxproj", "{08143E15-4550-44B8-A542-A1FD3C5E5A35}"
EndProject
Global
	GlobalSection(SolutionConfigurationPlatforms) = preSolution
		Debug|x64 = Debug|x64
		Debug|x86 = Debug|x86
		Release|x64 = Release|x64
		Release|x86 = Release|x86
	EndGlobalSection
	GlobalSection(ProjectConfigurationPlatforms) = postSolution
		{08143E15-4550-44B8-A542-A1FD3C5E5A35}.Debug|x64.ActiveCfg = Debug|x64
		{08143E15-4550-44B8-A542-A1FD3C5E5A35}.Debug|x64.Build.0 = Debug|x64
		{08143E15-4550-44B8-A542-A1FD3C5E5A35}.Debug|x86.ActiveCfg = Debug|Win32
		{08143E15-4550-44B8-A542-A1FD3C5E5A35}.Debug|x86.Build.0 = Debug|Win32
		{08143E15-4550-44B8-A542-A1FD3C5E5A35}.Release|x64.ActiveCfg = Release|x64
		{08143E15-4550-44B8-A542-A1FD3C5E5A35}.Release|x64.Build.0 = Release|x64
		{08143E15-4550-44B8-A542-A1FD3C5E5A35}.Release|x86.ActiveCfg = Release|Win32
		{08143E15-4550-44B8-A542-A1FD3C5E5A35}.Release|x86.Build.0 = Release|Win32
	EndGlobalSection
	GlobalSection(SolutionProperties) = preSolution
		HideSolutionNode = FALSE
	EndGlobalSection
	GlobalSection(ExtensibilityGlobals) = postSolution
		SolutionGuid = {3018E8FC-8886-4307-8071-D9FC9EE77D42}
	EndGlobalSection
EndGlobal
